
Microsoft Visual Studio Solution File, Format Version 12.00
# Visual Studio Version 16
VisualStudioVersion = 16.0.31424.327
MinimumVisualStudioVersion = 10.0.40219.1
Project("{9A19103F-16F7-4668-BE54-9A1E7A4F7556}") = "WebUntis", "WebUntis\WebUntis.csproj", "{8E645D47-22AA-431D-A128-915499C3D375}"
EndProject
Project("{FAE04EC0-301F-11D3-BF4B-00C04F79EFBC}") = "PackageTestSuite", "PackageTestSuite\PackageTestSuite.csproj", "{4107D8D4-9590-4935-85CA-76B6CBF444D8}"
EndProject
Global
	GlobalSection(SolutionConfigurationPlatforms) = preSolution
		Debug|Any CPU = Debug|Any CPU
		Release|Any CPU = Release|Any CPU
	EndGlobalSection
	GlobalSection(ProjectConfigurationPlatforms) = postSolution
		{8E645D47-22AA-431D-A128-915499C3D375}.Debug|Any CPU.ActiveCfg = Debug|Any CPU
		{8E645D47-22AA-431D-A128-915499C3D375}.Debug|Any CPU.Build.0 = Debug|Any CPU
		{8E645D47-22AA-431D-A128-915499C3D375}.Release|Any CPU.ActiveCfg = Release|Any CPU
		{8E645D47-22AA-431D-A128-915499C3D375}.Release|Any CPU.Build.0 = Release|Any CPU
		{4107D8D4-9590-4935-85CA-76B6CBF444D8}.Debug|Any CPU.ActiveCfg = Debug|Any CPU
		{4107D8D4-9590-4935-85CA-76B6CBF444D8}.Debug|Any CPU.Build.0 = Debug|Any CPU
		{4107D8D4-9590-4935-85CA-76B6CBF444D8}.Release|Any CPU.ActiveCfg = Release|Any CPU
		{4107D8D4-9590-4935-85CA-76B6CBF444D8}.Release|Any CPU.Build.0 = Release|Any CPU
	EndGlobalSection
	GlobalSection(SolutionProperties) = preSolution
		HideSolutionNode = FALSE
	EndGlobalSection
	GlobalSection(ExtensibilityGlobals) = postSolution
		SolutionGuid = {F1A2768C-B3AF-458E-A50E-9E2C518659F3}
	EndGlobalSection
EndGlobal
